
Microsoft Visual Studio Solution File, Format Version 12.00
# Visual Studio Version 17
VisualStudioVersion = 17.2.32616.157
MinimumVisualStudioVersion = 10.0.40219.1
Project("{9A19103F-16F7-4668-BE54-9A1E7A4F7556}") = "identity", "identity.csproj", "{E19DCF61-43D9-4C9D-8449-57C0AF973950}"
EndProject
Global
	GlobalSection(SolutionConfigurationPlatforms) = preSolution
		Debug|Any CPU = Debug|Any CPU
		Release|Any CPU = Release|Any CPU
	EndGlobalSection
	GlobalSection(ProjectConfigurationPlatforms) = postSolution
		{E19DCF61-43D9-4C9D-8449-57C0AF973950}.Debug|Any CPU.ActiveCfg = Debug|Any CPU
		{E19DCF61-43D9-4C9D-8449-57C0AF973950}.Debug|Any CPU.Build.0 = Debug|Any CPU
		{E19DCF61-43D9-4C9D-8449-57C0AF973950}.Release|Any CPU.ActiveCfg = Release|Any CPU
		{E19DCF61-43D9-4C9D-8449-57C0AF973950}.Release|Any CPU.Build.0 = Release|Any CPU
	EndGlobalSection
	GlobalSection(SolutionProperties) = preSolution
		HideSolutionNode = FALSE
	EndGlobalSection
	GlobalSection(ExtensibilityGlobals) = postSolution
		SolutionGuid = {1A73C988-DB52-4E0A-BC1E-B16DEFBBCEBF}
	EndGlobalSection
EndGlobal
